
Microsoft Visual Studio Solution File, Format Version 12.00
# Visual Studio Version 17
VisualStudioVersion = 17.10.35013.160
MinimumVisualStudioVersion = 10.0.40219.1
Project("{9A19103F-16F7-4668-BE54-9A1E7A4F7556}") = "KGA_OOPConsoleProject", "KGA_OOPConsoleProject.csproj", "{863106FA-DED4-4864-A3F5-F4BCCA09D3D2}"
EndProject
Global
	GlobalSection(SolutionConfigurationPlatforms) = preSolution
		Debug|Any CPU = Debug|Any CPU
		Release|Any CPU = Release|Any CPU
	EndGlobalSection
	GlobalSection(ProjectConfigurationPlatforms) = postSolution
		{863106FA-DED4-4864-A3F5-F4BCCA09D3D2}.Debug|Any CPU.ActiveCfg = Debug|Any CPU
		{863106FA-DED4-4864-A3F5-F4BCCA09D3D2}.Debug|Any CPU.Build.0 = Debug|Any CPU
		{863106FA-DED4-4864-A3F5-F4BCCA09D3D2}.Release|Any CPU.ActiveCfg = Release|Any CPU
		{863106FA-DED4-4864-A3F5-F4BCCA09D3D2}.Release|Any CPU.Build.0 = Release|Any CPU
	EndGlobalSection
	GlobalSection(SolutionProperties) = preSolution
		HideSolutionNode = FALSE
	EndGlobalSection
	GlobalSection(ExtensibilityGlobals) = postSolution
		SolutionGuid = {FD30E74A-79E2-45A1-A3FA-C84D4FA369E9}
	EndGlobalSection
EndGlobal
